
Microsoft Visual Studio Solution File, Format Version 12.00
# Visual Studio 15
Project("{FAE04EC0-301F-11D3-BF4B-00C04F79EFBC}") = "Sample.InputKit.Android", "Sample.InputKit.Android\Sample.InputKit.Android.csproj", "{9143DB60-447F-445B-B3D8-B27C6AD143A4}"
EndProject
Project("{FAE04EC0-301F-11D3-BF4B-00C04F79EFBC}") = "Sample.InputKit.iOS", "Sample.InputKit.iOS\Sample.InputKit.iOS.csproj", "{E3A6F271-4AE2-448E-9C19-C7D39BCF6F38}"
EndProject
Project("{FAE04EC0-301F-11D3-BF4B-00C04F79EFBC}") = "Sample.InputKit", "Sample.InputKit\Sample.InputKit.csproj", "{79EC9314-4253-4B7D-B64D-9C161152861A}"
EndProject
Global
	GlobalSection(SolutionConfigurationPlatforms) = preSolution
		Debug|Any CPU = Debug|Any CPU
		Release|Any CPU = Release|Any CPU
		Debug|iPhoneSimulator = Debug|iPhoneSimulator
		Release|iPhoneSimulator = Release|iPhoneSimulator
		Debug|iPhone = Debug|iPhone
		Release|iPhone = Release|iPhone
		Ad-Hoc|iPhone = Ad-Hoc|iPhone
		AppStore|iPhone = AppStore|iPhone
	EndGlobalSection
	GlobalSection(ProjectConfigurationPlatforms) = postSolution
		{9143DB60-447F-445B-B3D8-B27C6AD143A4}.Debug|Any CPU.ActiveCfg = Debug|Any CPU
		{9143DB60-447F-445B-B3D8-B27C6AD143A4}.Debug|Any CPU.Build.0 = Debug|Any CPU
		{9143DB60-447F-445B-B3D8-B27C6AD143A4}.Release|Any CPU.ActiveCfg = Release|Any CPU
		{9143DB60-447F-445B-B3D8-B27C6AD143A4}.Release|Any CPU.Build.0 = Release|Any CPU
		{9143DB60-447F-445B-B3D8-B27C6AD143A4}.Debug|iPhoneSimulator.ActiveCfg = Debug|Any CPU
		{9143DB60-447F-445B-B3D8-B27C6AD143A4}.Debug|iPhoneSimulator.Build.0 = Debug|Any CPU
		{9143DB60-447F-445B-B3D8-B27C6AD143A4}.Release|iPhoneSimulator.ActiveCfg = Release|Any CPU
		{9143DB60-447F-445B-B3D8-B27C6AD143A4}.Release|iPhoneSimulator.Build.0 = Release|Any CPU
		{9143DB60-447F-445B-B3D8-B27C6AD143A4}.Debug|iPhone.ActiveCfg = Debug|Any CPU
		{9143DB60-447F-445B-B3D8-B27C6AD143A4}.Debug|iPhone.Build.0 = Debug|Any CPU
		{9143DB60-447F-445B-B3D8-B27C6AD143A4}.Release|iPhone.ActiveCfg = Release|Any CPU
		{9143DB60-447F-445B-B3D8-B27C6AD143A4}.Release|iPhone.Build.0 = Release|Any CPU
		{9143DB60-447F-445B-B3D8-B27C6AD143A4}.Ad-Hoc|iPhone.ActiveCfg = Debug|Any CPU
		{9143DB60-447F-445B-B3D8-B27C6AD143A4}.Ad-Hoc|iPhone.Build.0 = Debug|Any CPU
		{9143DB60-447F-445B-B3D8-B27C6AD143A4}.AppStore|iPhone.ActiveCfg = Debug|Any CPU
		{9143DB60-447F-445B-B3D8-B27C6AD143A4}.AppStore|iPhone.Build.0 = Debug|Any CPU
		{E3A6F271-4AE2-448E-9C19-C7D39BCF6F38}.Debug|Any CPU.ActiveCfg = Debug|iPhoneSimulator
		{E3A6F271-4AE2-448E-9C19-C7D39BCF6F38}.Debug|Any CPU.Build.0 = Debug|iPhoneSimulator
		{E3A6F271-4AE2-448E-9C19-C7D39BCF6F38}.Release|Any CPU.ActiveCfg = Release|iPhoneSimulator
		{E3A6F271-4AE2-448E-9C19-C7D39BCF6F38}.Release|Any CPU.Build.0 = Release|iPhoneSimulator
		{E3A6F271-4AE2-448E-9C19-C7D39BCF6F38}.Debug|iPhoneSimulator.ActiveCfg = Debug|iPhoneSimulator
		{E3A6F271-4AE2-448E-9C19-C7D39BCF6F38}.Debug|iPhoneSimulator.Build.0 = Debug|iPhoneSimulator
		{E3A6F271-4AE2-448E-9C19-C7D39BCF6F38}.Release|iPhoneSimulator.ActiveCfg = Release|iPhoneSimulator
		{E3A6F271-4AE2-448E-9C19-C7D39BCF6F38}.Release|iPhoneSimulator.Build.0 = Release|iPhoneSimulator
		{E3A6F271-4AE2-448E-9C19-C7D39BCF6F38}.Debug|iPhone.ActiveCfg = Debug|iPhone
		{E3A6F271-4AE2-448E-9C19-C7D39BCF6F38}.Debug|iPhone.Build.0 = Debug|iPhone
		{E3A6F271-4AE2-448E-9C19-C7D39BCF6F38}.Release|iPhone.ActiveCfg = Release|iPhone
		{E3A6F271-4AE2-448E-9C19-C7D39BCF6F38}.Release|iPhone.Build.0 = Release|iPhone
		{E3A6F271-4AE2-448E-9C19-C7D39BCF6F38}.Ad-Hoc|iPhone.ActiveCfg = Ad-Hoc|iPhone
		{E3A6F271-4AE2-448E-9C19-C7D39BCF6F38}.Ad-Hoc|iPhone.Build.0 = Ad-Hoc|iPhone
		{E3A6F271-4AE2-448E-9C19-C7D39BCF6F38}.AppStore|iPhone.ActiveCfg = AppStore|iPhone
		{E3A6F271-4AE2-448E-9C19-C7D39BCF6F38}.AppStore|iPhone.Build.0 = AppStore|iPhone
		{79EC9314-4253-4B7D-B64D-9C161152861A}.Debug|Any CPU.ActiveCfg = Debug|Any CPU
		{79EC9314-4253-4B7D-B64D-9C161152861A}.Debug|Any CPU.Build.0 = Debug|Any CPU
		{79EC9314-4253-4B7D-B64D-9C161152861A}.Release|Any CPU.ActiveCfg = Release|Any CPU
		{79EC9314-4253-4B7D-B64D-9C161152861A}.Release|Any CPU.Build.0 = Release|Any CPU
		{79EC9314-4253-4B7D-B64D-9C161152861A}.Debug|iPhoneSimulator.ActiveCfg = Debug|Any CPU
		{79EC9314-4253-4B7D-B64D-9C161152861A}.Debug|iPhoneSimulator.Build.0 = Debug|Any CPU
		{79EC9314-4253-4B7D-B64D-9C161152861A}.Release|iPhoneSimulator.ActiveCfg = Release|Any CPU
		{79EC9314-4253-4B7D-B64D-9C161152861A}.Release|iPhoneSimulator.Build.0 = Release|Any CPU
		{79EC9314-4253-4B7D-B64D-9C161152861A}.Debug|iPhone.ActiveCfg = Debug|Any CPU
		{79EC9314-4253-4B7D-B64D-9C161152861A}.Debug|iPhone.Build.0 = Debug|Any CPU
		{79EC9314-4253-4B7D-B64D-9C161152861A}.Release|iPhone.ActiveCfg = Release|Any CPU
		{79EC9314-4253-4B7D-B64D-9C161152861A}.Release|iPhone.Build.0 = Release|Any CPU
		{79EC9314-4253-4B7D-B64D-9C161152861A}.Ad-Hoc|iPhone.ActiveCfg = Debug|Any CPU
		{79EC9314-4253-4B7D-B64D-9C161152861A}.Ad-Hoc|iPhone.Build.0 = Debug|Any CPU
		{79EC9314-4253-4B7D-B64D-9C161152861A}.AppStore|iPhone.ActiveCfg = Debug|Any CPU
		{79EC9314-4253-4B7D-B64D-9C161152861A}.AppStore|iPhone.Build.0 = Debug|Any CPU
	EndGlobalSection
EndGlobal
